
Microsoft Visual Studio Solution File, Format Version 12.00
# Visual Studio Version 16
VisualStudioVersion = 16.0.29609.76
MinimumVisualStudioVersion = 10.0.40219.1
Project("{9A19103F-16F7-4668-BE54-9A1E7A4F7556}") = "WebApplication2", "WebApplication2\WebApplication2.csproj", "{CEF5CFB7-F722-4CD1-BB7A-F3AD6422992D}"
EndProject
Global
	GlobalSection(SolutionConfigurationPlatforms) = preSolution
		Debug|Any CPU = Debug|Any CPU
		Debug|x64 = Debug|x64
		Debug|x86 = Debug|x86
		Release|Any CPU = Release|Any CPU
		Release|x64 = Release|x64
		Release|x86 = Release|x86
	EndGlobalSection
	GlobalSection(ProjectConfigurationPlatforms) = postSolution
		{CEF5CFB7-F722-4CD1-BB7A-F3AD6422992D}.Debug|Any CPU.ActiveCfg = Debug|Any CPU
		{CEF5CFB7-F722-4CD1-BB7A-F3AD6422992D}.Debug|Any CPU.Build.0 = Debug|Any CPU
		{CEF5CFB7-F722-4CD1-BB7A-F3AD6422992D}.Debug|x64.ActiveCfg = Debug|x64
		{CEF5CFB7-F722-4CD1-BB7A-F3AD6422992D}.Debug|x64.Build.0 = Debug|x64
		{CEF5CFB7-F722-4CD1-BB7A-F3AD6422992D}.Debug|x86.ActiveCfg = Debug|x86
		{CEF5CFB7-F722-4CD1-BB7A-F3AD6422992D}.Debug|x86.Build.0 = Debug|x86
		{CEF5CFB7-F722-4CD1-BB7A-F3AD6422992D}.Release|Any CPU.ActiveCfg = Release|Any CPU
		{CEF5CFB7-F722-4CD1-BB7A-F3AD6422992D}.Release|Any CPU.Build.0 = Release|Any CPU
		{CEF5CFB7-F722-4CD1-BB7A-F3AD6422992D}.Release|x64.ActiveCfg = Release|x64
		{CEF5CFB7-F722-4CD1-BB7A-F3AD6422992D}.Release|x64.Build.0 = Release|x64
		{CEF5CFB7-F722-4CD1-BB7A-F3AD6422992D}.Release|x86.ActiveCfg = Release|x86
		{CEF5CFB7-F722-4CD1-BB7A-F3AD6422992D}.Release|x86.Build.0 = Release|x86
	EndGlobalSection
	GlobalSection(SolutionProperties) = preSolution
		HideSolutionNode = FALSE
	EndGlobalSection
	GlobalSection(ExtensibilityGlobals) = postSolution
		SolutionGuid = {E1149D12-A840-47E3-A7FB-3CD306C9E18B}
	EndGlobalSection
EndGlobal
